<?xml version="1.0" encoding="UTF-8"?>
<Scheme
   LastUpgradeVersion = "2600"
   version = "1.7">
   <BuildAction
      parallelizeBuildables = "YES"
      buildImplicitDependencies = "YES"
      buildArchitectures = "Automatic">
      <BuildActionEntries>
         <BuildActionEntry
            buildForTesting = "YES"
            buildForRunning = "YES"
            buildForProfiling = "YES"
            buildForArchiving = "YES"
            buildForAnalyzing = "YES">
            <BuildableReference
               BuildableIdentifier = "primary"
               BlueprintIdentifier = "382CD6EE2F7CDE640015A355"
               BuildableName = "HSBWatchCompanion.app"
               BlueprintName = "HSBWatchCompanion"
               ReferencedContainer = "container:HSBWatchApp.xcodeproj">
            </BuildableReference>
         </BuildActionEntry>
      </BuildActionEntries>
   </BuildAction>
   <TestAction
      buildConfiguration = "Debug"
      selectedDebuggerIdentifier = "Xcode.DebuggerFoundation.Debugger.LLDB"
      selectedLauncherIdentifier = "Xcode.DebuggerFoundation.Launcher.LLDB"
      shouldUseLaunchSchemeArgsEnv = "YES"
      shouldAutocreateTestPlan = "YES">
   </TestAction>
   <LaunchAction
      buildConfiguration = "Debug"
      selectedDebuggerIdentifier = "Xcode.DebuggerFoundation.Debugger.LLDB"
      selectedLauncherIdentifier = "Xcode.DebuggerFoundation.Launcher.LLDB"
      launchStyle = "0"
      useCustomWorkingDirectory = "NO"
      ignoresPersistentStateOnLaunch = "NO"
      debugDocumentVersioning = "YES"
      debugServiceExtension = "internal"
      allowLocationSimulation = "YES">
      <BuildableProductRunnable
         runnableDebuggingMode = "0">
         <BuildableReference
            BuildableIdentifier = "primary"
            BlueprintIdentifier = "382CD6EE2F7CDE640015A355"
            BuildableName = "HSBWatchCompanion.app"
            BlueprintName = "HSBWatchCompanion"
            ReferencedContainer = "container:HSBWatchApp.xcodeproj">
         </BuildableReference>
      </BuildableProductRunnable>
   </LaunchAction>
   <ProfileAction
      buildConfiguration = "Release"
      shouldUseLaunchSchemeArgsEnv = "YES"
      savedToolIdentifier = ""
      useCustomWorkingDirectory = "NO"
      debugDocumentVersioning = "YES">
      <BuildableProductRunnable
         runnableDebuggingMode = "0">
         <BuildableReference
            BuildableIdentifier = "primary"
            BlueprintIdentifier = "382CD6EE2F7CDE640015A355"
            BuildableName = "HSBWatchCompanion.app"
            BlueprintName = "HSBWatchCompanion"
            ReferencedContainer = "container:HSBWatchApp.xcodeproj">
         </BuildableReference>
      </BuildableProductRunnable>
   </ProfileAction>
   <AnalyzeAction
      buildConfiguration = "Debug">
   </AnalyzeAction>
   <ArchiveAction
      buildConfiguration = "Release"
      revealArchiveInOrganizer = "YES">
      <PreActions>
         <ExecutionAction
            ActionType = "Xcode.IDEStandardExecutionActionsCore.ExecutionActionType.ShellScriptAction">
            <ActionContent
               title = "Update Build Number"
               scriptText = "exec &gt; /tmp/xcode_archive_preaction.log 2&gt;&amp;1&#10;echo &quot;Pre-action started&quot;&#10;DATE_STR=$(date &quot;+%Y%m%d%H%M%S&quot;)&#10;CONFIG_FILE=&quot;${PROJECT_DIR}/HSBWatchCompanion/AppVersion.xcconfig&quot;&#10;echo &quot;Target file: $CONFIG_FILE&quot;&#10;if [ -f &quot;$CONFIG_FILE&quot; ]; then&#10;    sed -i &apos;&apos; &quot;s/^BUILD_VERSION.*/BUILD_VERSION = $DATE_STR/&quot; &quot;$CONFIG_FILE&quot;&#10;    echo &quot;Success! Updated BUILD_VERSION to $DATE_STR&quot;&#10;else&#10;    echo &quot;Error: File not found!&quot;&#10;fi&#10;">
               <EnvironmentBuildable>
                  <BuildableReference
                     BuildableIdentifier = "primary"
                     BlueprintIdentifier = "382CD6EE2F7CDE640015A355"
                     BuildableName = "HSBWatchCompanion.app"
                     BlueprintName = "HSBWatchCompanion"
                     ReferencedContainer = "container:HSBWatchApp.xcodeproj">
                  </BuildableReference>
               </EnvironmentBuildable>
            </ActionContent>
         </ExecutionAction>
      </PreActions>
   </ArchiveAction>
</Scheme>
